
Microsoft Visual Studio Solution File, Format Version 12.00
# Visual Studio 14
VisualStudioVersion = 14.0.25420.1
MinimumVisualStudioVersion = 10.0.40219.1
Project("{FAE04EC0-301F-11D3-BF4B-00C04F79EFBC}") = "KalikoCMS.Admin", "KalikoCMS.Admin\KalikoCMS.Admin.csproj", "{5702B060-5F88-4110-9E39-B2F8B748EF9A}"
EndProject
Project("{FAE04EC0-301F-11D3-BF4B-00C04F79EFBC}") = "KalikoCMS.Engine", "KalikoCMS.Engine\KalikoCMS.Engine.csproj", "{FC032B3C-8643-4C35-929C-88959FC980D4}"
EndProject
Project("{FAE04EC0-301F-11D3-BF4B-00C04F79EFBC}") = "KalikoCMS.WebForms", "KalikoCMS.WebForms\KalikoCMS.WebForms.csproj", "{58B89A38-C3F3-495D-B35A-9BB17AD4199D}"
EndProject
Project("{FAE04EC0-301F-11D3-BF4B-00C04F79EFBC}") = "KalikoCMS.Mvc", "KalikoCMS.Mvc\KalikoCMS.Mvc.csproj", "{A7E19576-14CD-4EC1-B8F6-BEF651A3F09B}"
EndProject
Project("{FAE04EC0-301F-11D3-BF4B-00C04F79EFBC}") = "KalikoCMS.Identity", "KalikoCMS.Identity\KalikoCMS.Identity.csproj", "{BF7E38D1-CA77-4171-AC10-777EE7FF40B6}"
EndProject
Project("{2150E333-8FDC-42A3-9474-1A3956D46DE8}") = ".nuget", ".nuget", "{325BBD24-A559-4873-A3D8-4D64850BB403}"
	ProjectSection(SolutionItems) = preProject
		.nuget\packages.config = .nuget\packages.config
	EndProjectSection
EndProject
Project("{2150E333-8FDC-42A3-9474-1A3956D46DE8}") = "Solution Items", "Solution Items", "{FE85CE25-7A58-4010-A5FA-1908F2A114A6}"
	ProjectSection(SolutionItems) = preProject
		ReleaseNotes.md = ReleaseNotes.md
		WebEssentials-Settings.json = WebEssentials-Settings.json
	EndProjectSection
EndProject
Global
	GlobalSection(SolutionConfigurationPlatforms) = preSolution
		Debug|Any CPU = Debug|Any CPU
		Release|Any CPU = Release|Any CPU
	EndGlobalSection
	GlobalSection(ProjectConfigurationPlatforms) = postSolution
		{5702B060-5F88-4110-9E39-B2F8B748EF9A}.Debug|Any CPU.ActiveCfg = Debug|Any CPU
		{5702B060-5F88-4110-9E39-B2F8B748EF9A}.Debug|Any CPU.Build.0 = Debug|Any CPU
		{5702B060-5F88-4110-9E39-B2F8B748EF9A}.Release|Any CPU.ActiveCfg = Release|Any CPU
		{5702B060-5F88-4110-9E39-B2F8B748EF9A}.Release|Any CPU.Build.0 = Release|Any CPU
		{FC032B3C-8643-4C35-929C-88959FC980D4}.Debug|Any CPU.ActiveCfg = Debug|Any CPU
		{FC032B3C-8643-4C35-929C-88959FC980D4}.Debug|Any CPU.Build.0 = Debug|Any CPU
		{FC032B3C-8643-4C35-929C-88959FC980D4}.Release|Any CPU.ActiveCfg = Release|Any CPU
		{FC032B3C-8643-4C35-929C-88959FC980D4}.Release|Any CPU.Build.0 = Release|Any CPU
		{58B89A38-C3F3-495D-B35A-9BB17AD4199D}.Debug|Any CPU.ActiveCfg = Debug|Any CPU
		{58B89A38-C3F3-495D-B35A-9BB17AD4199D}.Debug|Any CPU.Build.0 = Debug|Any CPU
		{58B89A38-C3F3-495D-B35A-9BB17AD4199D}.Release|Any CPU.ActiveCfg = Release|Any CPU
		{58B89A38-C3F3-495D-B35A-9BB17AD4199D}.Release|Any CPU.Build.0 = Release|Any CPU
		{A7E19576-14CD-4EC1-B8F6-BEF651A3F09B}.Debug|Any CPU.ActiveCfg = Debug|Any CPU
		{A7E19576-14CD-4EC1-B8F6-BEF651A3F09B}.Debug|Any CPU.Build.0 = Debug|Any CPU
		{A7E19576-14CD-4EC1-B8F6-BEF651A3F09B}.Release|Any CPU.ActiveCfg = Release|Any CPU
		{A7E19576-14CD-4EC1-B8F6-BEF651A3F09B}.Release|Any CPU.Build.0 = Release|Any CPU
		{BF7E38D1-CA77-4171-AC10-777EE7FF40B6}.Debug|Any CPU.ActiveCfg = Debug|Any CPU
		{BF7E38D1-CA77-4171-AC10-777EE7FF40B6}.Debug|Any CPU.Build.0 = Debug|Any CPU
		{BF7E38D1-CA77-4171-AC10-777EE7FF40B6}.Release|Any CPU.ActiveCfg = Release|Any CPU
		{BF7E38D1-CA77-4171-AC10-777EE7FF40B6}.Release|Any CPU.Build.0 = Release|Any CPU
	EndGlobalSection
	GlobalSection(SolutionProperties) = preSolution
		HideSolutionNode = FALSE
	EndGlobalSection
EndGlobal
